// !$*UTF8*$!
{
	archiveVersion = 1;
	classes = {
	};
	objectVersion = 51;
	objects = {

/* Begin PBXBuildFile section */
		33925B1D25B73C1100500A7E /* AppDelegate.swift in Sources */ = {isa = PBXBuildFile; fileRef = 33925B1C25B73C1100500A7E /* AppDelegate.swift */; };
		33925B1F25B73C1100500A7E /* SceneDelegate.swift in Sources */ = {isa = PBXBuildFile; fileRef = 33925B1E25B73C1100500A7E /* SceneDelegate.swift */; };
		33925B2125B73C1100500A7E /* ViewController.swift in Sources */ = {isa = PBXBuildFile; fileRef = 33925B2025B73C1100500A7E /* ViewController.swift */; };
		33925B2425B73C1100500A7E /* Main.storyboard in Resources */ = {isa = PBXBuildFile; fileRef = 33925B2225B73C1100500A7E /* Main.storyboard */; };
		33925B2625B73C1200500A7E /* Assets.xcassets in Resources */ = {isa = PBXBuildFile; fileRef = 33925B2525B73C1200500A7E /* Assets.xcassets */; };
		33925B2925B73C1200500A7E /* LaunchScreen.storyboard in Resources */ = {isa = PBXBuildFile; fileRef = 33925B2725B73C1200500A7E /* LaunchScreen.storyboard */; };
		33925B3225B73D1200500A7E /* GoogleService-Info.plist in Resources */ = {isa = PBXBuildFile; fileRef = 33925B3125B73D1200500A7E /* GoogleService-Info.plist */; };
		33925B4325B744E900500A7E /* ViewController2.swift in Sources */ = {isa = PBXBuildFile; fileRef = 33925B4225B744E900500A7E /* ViewController2.swift */; };
		5837680F223C8A47728BBFCC /* Pods_LoginTest.framework in Frameworks */ = {isa = PBXBuildFile; fileRef = 4127BC5EC1D23FDB37EE6525 /* Pods_LoginTest.framework */; };
/* End PBXBuildFile section */

/* Begin PBXFileReference section */
		183DEBEEF12620445642DD04 /* Pods-LoginTest.release.xcconfig */ = {isa = PBXFileReference; includeInIndex = 1; lastKnownFileType = text.xcconfig; name = "Pods-LoginTest.release.xcconfig"; path = "Target Support Files/Pods-LoginTest/Pods-LoginTest.release.xcconfig"; sourceTree = "<group>"; };
		33925B1925B73C1100500A7E /* LoginTest.app */ = {isa = PBXFileReference; explicitFileType = wrapper.application; includeInIndex = 0; path = LoginTest.app; sourceTree = BUILT_PRODUCTS_DIR; };
		33925B1C25B73C1100500A7E /* AppDelegate.swift */ = {isa = PBXFileReference; lastKnownFileType = sourcecode.swift; path = AppDelegate.swift; sourceTree = "<group>"; };
		33925B1E25B73C1100500A7E /* SceneDelegate.swift */ = {isa = PBXFileReference; lastKnownFileType = sourcecode.swift; path = SceneDelegate.swift; sourceTree = "<group>"; };
		33925B2025B73C1100500A7E /* ViewController.swift */ = {isa = PBXFileReference; lastKnownFileType = sourcecode.swift; path = ViewController.swift; sourceTree = "<group>"; };
		33925B2325B73C1100500A7E /* Base */ = {isa = PBXFileReference; lastKnownFileType = file.storyboard; name = Base; path = Base.lproj/Main.storyboard; sourceTree = "<group>"; };
		33925B2525B73C1200500A7E /* Assets.xcassets */ = {isa = PBXFileReference; lastKnownFileType = folder.assetcatalog; path = Assets.xcassets; sourceTree = "<group>"; };
		33925B2825B73C1200500A7E /* Base */ = {isa = PBXFileReference; lastKnownFileType = file.storyboard; name = Base; path = Base.lproj/LaunchScreen.storyboard; sourceTree = "<group>"; };
		33925B2A25B73C1200500A7E /* Info.plist */ = {isa = PBXFileReference; lastKnownFileType = text.plist.xml; path = Info.plist; sourceTree = "<group>"; };
		33925B3125B73D1200500A7E /* GoogleService-Info.plist */ = {isa = PBXFileReference; fileEncoding = 4; lastKnownFileType = text.plist.xml; path = "GoogleService-Info.plist"; sourceTree = "<group>"; };
		33925B4225B744E900500A7E /* ViewController2.swift */ = {isa = PBXFileReference; lastKnownFileType = sourcecode.swift; path = ViewController2.swift; sourceTree = "<group>"; };
		4127BC5EC1D23FDB37EE6525 /* Pods_LoginTest.framework */ = {isa = PBXFileReference; explicitFileType = wrapper.framework; includeInIndex = 0; path = Pods_LoginTest.framework; sourceTree = BUILT_PRODUCTS_DIR; };
		FA3E53C53E53D732FABCD94B /* Pods-LoginTest.debug.xcconfig */ = {isa = PBXFileReference; includeInIndex = 1; lastKnownFileType = text.xcconfig; name = "Pods-LoginTest.debug.xcconfig"; path = "Target Support Files/Pods-LoginTest/Pods-LoginTest.debug.xcconfig"; sourceTree = "<group>"; };
/* End PBXFileReference section */

/* Begin PBXFrameworksBuildPhase section */
		33925B1625B73C1100500A7E /* Frameworks */ = {
			isa = PBXFrameworksBuildPhase;
			buildActionMask = 2147483647;
			files = (
				5837680F223C8A47728BBFCC /* Pods_LoginTest.framework in Frameworks */,
			);
			runOnlyForDeploymentPostprocessing = 0;
		};
/* End PBXFrameworksBuildPhase section */

/* Begin PBXGroup section */
		33925B1025B73C1100500A7E = {
			isa = PBXGroup;
			children = (
				33925B1B25B73C1100500A7E /* LoginTest */,
				33925B1A25B73C1100500A7E /* Products */,
				3E781D7BEE7146D7ACB9BAA4 /* Pods */,
				9CBE2D30BA98E82021E22BD7 /* Frameworks */,
			);
			sourceTree = "<group>";
		};
		33925B1A25B73C1100500A7E /* Products */ = {
			isa = PBXGroup;
			children = (
				33925B1925B73C1100500A7E /* LoginTest.app */,
			);
			name = Products;
			sourceTree = "<group>";
		};
		33925B1B25B73C1100500A7E /* LoginTest */ = {
			isa = PBXGroup;
			children = (
				33925B1C25B73C1100500A7E /* AppDelegate.swift */,
				33925B1E25B73C1100500A7E /* SceneDelegate.swift */,
				33925B2025B73C1100500A7E /* ViewController.swift */,
				33925B4225B744E900500A7E /* ViewController2.swift */,
				33925B2225B73C1100500A7E /* Main.storyboard */,
				33925B2525B73C1200500A7E /* Assets.xcassets */,
				33925B3125B73D1200500A7E /* GoogleService-Info.plist */,
				33925B2725B73C1200500A7E /* LaunchScreen.storyboard */,
				33925B2A25B73C1200500A7E /* Info.plist */,
			);
			path = LoginTest;
			sourceTree = "<group>";
		};
		3E781D7BEE7146D7ACB9BAA4 /* Pods */ = {
			isa = PBXGroup;
			children = (
				FA3E53C53E53D732FABCD94B /* Pods-LoginTest.debug.xcconfig */,
				183DEBEEF12620445642DD04 /* Pods-LoginTest.release.xcconfig */,
			);
			path = Pods;
			sourceTree = "<group>";
		};
		9CBE2D30BA98E82021E22BD7 /* Frameworks */ = {
			isa = PBXGroup;
			children = (
				4127BC5EC1D23FDB37EE6525 /* Pods_LoginTest.framework */,
			);
			name = Frameworks;
			sourceTree = "<group>";
		};
/* End PBXGroup section */

/* Begin PBXNativeTarget section */
		33925B1825B73C1100500A7E /* LoginTest */ = {
			isa = PBXNativeTarget;
			buildConfigurationList = 33925B2D25B73C1200500A7E /* Build configuration list for PBXNativeTarget "LoginTest" */;
			buildPhases = (
				4FED319834481CB854F541A6 /* [CP] Check Pods Manifest.lock */,
				33925B1525B73C1100500A7E /* Sources */,
				33925B1625B73C1100500A7E /* Frameworks */,
				33925B1725B73C1100500A7E /* Resources */,
				26BDB1F1E43CEF0876B406EA /* [CP] Embed Pods Frameworks */,
			);
			buildRules = (
			);
			dependencies = (
			);
			name = LoginTest;
			productName = LoginTest;
			productReference = 33925B1925B73C1100500A7E /* LoginTest.app */;
			productType = "com.apple.product-type.application";
		};
/* End PBXNativeTarget section */

/* Begin PBXProject section */
		33925B1125B73C1100500A7E /* Project object */ = {
			isa = PBXProject;
			attributes = {
				LastSwiftUpdateCheck = 1230;
				LastUpgradeCheck = 1230;
				TargetAttributes = {
					33925B1825B73C1100500A7E = {
						CreatedOnToolsVersion = 12.3;
					};
				};
			};
			buildConfigurationList = 33925B1425B73C1100500A7E /* Build configuration list for PBXProject "LoginTest" */;
			compatibilityVersion = "Xcode 9.3";
			developmentRegion = en;
			hasScannedForEncodings = 0;
			knownRegions = (
				en,
				Base,
			);
			mainGroup = 33925B1025B73C1100500A7E;
			productRefGroup = 33925B1A25B73C1100500A7E /* Products */;
			projectDirPath = "";
			projectRoot = "";
			targets = (
				33925B1825B73C1100500A7E /* LoginTest */,
			);
		};
/* End PBXProject section */

/* Begin PBXResourcesBuildPhase section */
		33925B1725B73C1100500A7E /* Resources */ = {
			isa = PBXResourcesBuildPhase;
			buildActionMask = 2147483647;
			files = (
				33925B2925B73C1200500A7E /* LaunchScreen.storyboard in Resources */,
				33925B3225B73D1200500A7E /* GoogleService-Info.plist in Resources */,
				33925B2625B73C1200500A7E /* Assets.xcassets in Resources */,
				33925B2425B73C1100500A7E /* Main.storyboard in Resources */,
			);
			runOnlyForDeploymentPostprocessing = 0;
		};
/* End PBXResourcesBuildPhase section */

/* Begin PBXShellScriptBuildPhase section */
		26BDB1F1E43CEF0876B406EA /* [CP] Embed Pods Frameworks */ = {
			isa = PBXShellScriptBuildPhase;
			buildActionMask = 2147483647;
			files = (
			);
			inputFileListPaths = (
				"${PODS_ROOT}/Target Support Files/Pods-LoginTest/Pods-LoginTest-frameworks-${CONFIGURATION}-input-files.xcfilelist",
			);
			name = "[CP] Embed Pods Frameworks";
			outputFileListPaths = (
				"${PODS_ROOT}/Target Support Files/Pods-LoginTest/Pods-LoginTest-frameworks-${CONFIGURATION}-output-files.xcfilelist",
			);
			runOnlyForDeploymentPostprocessing = 0;
			shellPath = /bin/sh;
			shellScript = "\"${PODS_ROOT}/Target Support Files/Pods-LoginTest/Pods-LoginTest-frameworks.sh\"\n";
			showEnvVarsInLog = 0;
		};
		4FED319834481CB854F541A6 /* [CP] Check Pods Manifest.lock */ = {
			isa = PBXShellScriptBuildPhase;
			buildActionMask = 2147483647;
			files = (
			);
			inputFileListPaths = (
			);
			inputPaths = (
				"${PODS_PODFILE_DIR_PATH}/Podfile.lock",
				"${PODS_ROOT}/Manifest.lock",
			);
			name = "[CP] Check Pods Manifest.lock";
			outputFileListPaths = (
			);
			outputPaths = (
				"$(DERIVED_FILE_DIR)/Pods-LoginTest-checkManifestLockResult.txt",
			);
			runOnlyForDeploymentPostprocessing = 0;
			shellPath = /bin/sh;
			shellScript = "diff \"${PODS_PODFILE_DIR_PATH}/Podfile.lock\" \"${PODS_ROOT}/Manifest.lock\" > /dev/null\nif [ $? != 0 ] ; then\n    # print error to STDERR\n    echo \"error: The sandbox is not in sync with the Podfile.lock. Run 'pod install' or update your CocoaPods installation.\" >&2\n    exit 1\nfi\n# This output is used by Xcode 'outputs' to avoid re-running this script phase.\necho \"SUCCESS\" > \"${SCRIPT_OUTPUT_FILE_0}\"\n";
			showEnvVarsInLog = 0;
		};
/* End PBXShellScriptBuildPhase section */

/* Begin PBXSourcesBuildPhase section */
		33925B1525B73C1100500A7E /* Sources */ = {
			isa = PBXSourcesBuildPhase;
			buildActionMask = 2147483647;
			files = (
				33925B2125B73C1100500A7E /* ViewController.swift in Sources */,
				33925B4325B744E900500A7E /* ViewController2.swift in Sources */,
				33925B1D25B73C1100500A7E /* AppDelegate.swift in Sources */,
				33925B1F25B73C1100500A7E /* SceneDelegate.swift in Sources */,
			);
			runOnlyForDeploymentPostprocessing = 0;
		};
/* End PBXSourcesBuildPhase section */

/* Begin PBXVariantGroup section */
		33925B2225B73C1100500A7E /* Main.storyboard */ = {
			isa = PBXVariantGroup;
			children = (
				33925B2325B73C1100500A7E /* Base */,
			);
			name = Main.storyboard;
			sourceTree = "<group>";
		};
		33925B2725B73C1200500A7E /* LaunchScreen.storyboard */ = {
			isa = PBXVariantGroup;
			children = (
				33925B2825B73C1200500A7E /* Base */,
			);
			name = LaunchScreen.storyboard;
			sourceTree = "<group>";
		};
/* End PBXVariantGroup section */

/* Begin XCBuildConfiguration section */
		33925B2B25B73C1200500A7E /* Debug */ = {
			isa = XCBuildConfiguration;
			buildSettings = {
				ALWAYS_SEARCH_USER_PATHS = NO;
				CLANG_ANALYZER_NONNULL = YES;
				CLANG_ANALYZER_NUMBER_OBJECT_CONVERSION = YES_AGGRESSIVE;
				CLANG_CXX_LANGUAGE_STANDARD = "gnu++14";
				CLANG_CXX_LIBRARY = "libc++";
				CLANG_ENABLE_MODULES = YES;
				CLANG_ENABLE_OBJC_ARC = YES;
				CLANG_ENABLE_OBJC_WEAK = YES;
				CLANG_WARN_BLOCK_CAPTURE_AUTORELEASING = YES;
				CLANG_WARN_BOOL_CONVERSION = YES;
				CLANG_WARN_COMMA = YES;
				CLANG_WARN_CONSTANT_CONVERSION = YES;
				CLANG_WARN_DEPRECATED_OBJC_IMPLEMENTATIONS = YES;
				CLANG_WARN_DIRECT_OBJC_ISA_USAGE = YES_ERROR;
				CLANG_WARN_DOCUMENTATION_COMMENTS = YES;
				CLANG_WARN_EMPTY_BODY = YES;
				CLANG_WARN_ENUM_CONVERSION = YES;
				CLANG_WARN_INFINITE_RECURSION = YES;
				CLANG_WARN_INT_CONVERSION = YES;
				CLANG_WARN_NON_LITERAL_NULL_CONVERSION = YES;
				CLANG_WARN_OBJC_IMPLICIT_RETAIN_SELF = YES;
				CLANG_WARN_OBJC_LITERAL_CONVERSION = YES;
				CLANG_WARN_OBJC_ROOT_CLASS = YES_ERROR;
				CLANG_WARN_QUOTED_INCLUDE_IN_FRAMEWORK_HEADER = YES;
				CLANG_WARN_RANGE_LOOP_ANALYSIS = YES;
				CLANG_WARN_STRICT_PROTOTYPES = YES;
				CLANG_WARN_SUSPICIOUS_MOVE = YES;
				CLANG_WARN_UNGUARDED_AVAILABILITY = YES_AGGRESSIVE;
				CLANG_WARN_UNREACHABLE_CODE = YES;
				CLANG_WARN__DUPLICATE_METHOD_MATCH = YES;
				COPY_PHASE_STRIP = NO;
				DEBUG_INFORMATION_FORMAT = dwarf;
				ENABLE_STRICT_OBJC_MSGSEND = YES;
				ENABLE_TESTABILITY = YES;
				GCC_C_LANGUAGE_STANDARD = gnu11;
				GCC_DYNAMIC_NO_PIC = NO;
				GCC_NO_COMMON_BLOCKS = YES;
				GCC_OPTIMIZATION_LEVEL = 0;
				GCC_PREPROCESSOR_DEFINITIONS = (
					"DEBUG=1",
					"$(inherited)",
				);
				GCC_WARN_64_TO_32_BIT_CONVERSION = YES;
				GCC_WARN_ABOUT_RETURN_TYPE = YES_ERROR;
				GCC_WARN_UNDECLARED_SELECTOR = YES;
				GCC_WARN_UNINITIALIZED_AUTOS = YES_AGGRESSIVE;
				GCC_WARN_UNUSED_FUNCTION = YES;
				GCC_WARN_UNUSED_VARIABLE = YES;
				IPHONEOS_DEPLOYMENT_TARGET = 14.3;
				MTL_ENABLE_DEBUG_INFO = INCLUDE_SOURCE;
				MTL_FAST_MATH = YES;
				ONLY_ACTIVE_ARCH = YES;
				SDKROOT = iphoneos;
				SWIFT_ACTIVE_COMPILATION_CONDITIONS = DEBUG;
				SWIFT_OPTIMIZATION_LEVEL = "-Onone";
			};
			name = Debug;
		};
		33925B2C25B73C1200500A7E /* Release */ = {
			isa = XCBuildConfiguration;
			buildSettings = {
				ALWAYS_SEARCH_USER_PATHS = NO;
				CLANG_ANALYZER_NONNULL = YES;
				CLANG_ANALYZER_NUMBER_OBJECT_CONVERSION = YES_AGGRESSIVE;
				CLANG_CXX_LANGUAGE_STANDARD = "gnu++14";
				CLANG_CXX_LIBRARY = "libc++";
				CLANG_ENABLE_MODULES = YES;
				CLANG_ENABLE_OBJC_ARC = YES;
				CLANG_ENABLE_OBJC_WEAK = YES;
				CLANG_WARN_BLOCK_CAPTURE_AUTORELEASING = YES;
				CLANG_WARN_BOOL_CONVERSION = YES;
				CLANG_WARN_COMMA = YES;
				CLANG_WARN_CONSTANT_CONVERSION = YES;
				CLANG_WARN_DEPRECATED_OBJC_IMPLEMENTATIONS = YES;
				CLANG_WARN_DIRECT_OBJC_ISA_USAGE = YES_ERROR;
				CLANG_WARN_DOCUMENTATION_COMMENTS = YES;
				CLANG_WARN_EMPTY_BODY = YES;
				CLANG_WARN_ENUM_CONVERSION = YES;
				CLANG_WARN_INFINITE_RECURSION = YES;
				CLANG_WARN_INT_CONVERSION = YES;
				CLANG_WARN_NON_LITERAL_NULL_CONVERSION = YES;
				CLANG_WARN_OBJC_IMPLICIT_RETAIN_SELF = YES;
				CLANG_WARN_OBJC_LITERAL_CONVERSION = YES;
				CLANG_WARN_OBJC_ROOT_CLASS = YES_ERROR;
				CLANG_WARN_QUOTED_INCLUDE_IN_FRAMEWORK_HEADER = YES;
				CLANG_WARN_RANGE_LOOP_ANALYSIS = YES;
				CLANG_WARN_STRICT_PROTOTYPES = YES;
				CLANG_WARN_SUSPICIOUS_MOVE = YES;
				CLANG_WARN_UNGUARDED_AVAILABILITY = YES_AGGRESSIVE;
				CLANG_WARN_UNREACHABLE_CODE = YES;
				CLANG_WARN__DUPLICATE_METHOD_MATCH = YES;
				COPY_PHASE_STRIP = NO;
				DEBUG_INFORMATION_FORMAT = "dwarf-with-dsym";
				ENABLE_NS_ASSERTIONS = NO;
				ENABLE_STRICT_OBJC_MSGSEND = YES;
				GCC_C_LANGUAGE_STANDARD = gnu11;
				GCC_NO_COMMON_BLOCKS = YES;
				GCC_WARN_64_TO_32_BIT_CONVERSION = YES;
				GCC_WARN_ABOUT_RETURN_TYPE = YES_ERROR;
				GCC_WARN_UNDECLARED_SELECTOR = YES;
				GCC_WARN_UNINITIALIZED_AUTOS = YES_AGGRESSIVE;
				GCC_WARN_UNUSED_FUNCTION = YES;
				GCC_WARN_UNUSED_VARIABLE = YES;
				IPHONEOS_DEPLOYMENT_TARGET = 14.3;
				MTL_ENABLE_DEBUG_INFO = NO;
				MTL_FAST_MATH = YES;
				SDKROOT = iphoneos;
				SWIFT_COMPILATION_MODE = wholemodule;
				SWIFT_OPTIMIZATION_LEVEL = "-O";
				VALIDATE_PRODUCT = YES;
			};
			name = Release;
		};
		33925B2E25B73C1200500A7E /* Debug */ = {
			isa = XCBuildConfiguration;
			baseConfigurationReference = FA3E53C53E53D732FABCD94B /* Pods-LoginTest.debug.xcconfig */;
			buildSettings = {
				ASSETCATALOG_COMPILER_APPICON_NAME = AppIcon;
				ASSETCATALOG_COMPILER_GLOBAL_ACCENT_COLOR_NAME = AccentColor;
				CODE_SIGN_STYLE = Automatic;
				INFOPLIST_FILE = LoginTest/Info.plist;
				LD_RUNPATH_SEARCH_PATHS = (
					"$(inherited)",
					"@executable_path/Frameworks",
				);
				PRODUCT_BUNDLE_IDENTIFIER = SJSJ.LoginTest;
				PRODUCT_NAME = "$(TARGET_NAME)";
				SWIFT_VERSION = 5.0;
				TARGETED_DEVICE_FAMILY = "1,2";
			};
			name = Debug;
		};
		33925B2F25B73C1200500A7E /* Release */ = {
			isa = XCBuildConfiguration;
			baseConfigurationReference = 183DEBEEF12620445642DD04 /* Pods-LoginTest.release.xcconfig */;
			buildSettings = {
				ASSETCATALOG_COMPILER_APPICON_NAME = AppIcon;
				ASSETCATALOG_COMPILER_GLOBAL_ACCENT_COLOR_NAME = AccentColor;
				CODE_SIGN_STYLE = Automatic;
				INFOPLIST_FILE = LoginTest/Info.plist;
				LD_RUNPATH_SEARCH_PATHS = (
					"$(inherited)",
					"@executable_path/Frameworks",
				);
				PRODUCT_BUNDLE_IDENTIFIER = SJSJ.LoginTest;
				PRODUCT_NAME = "$(TARGET_NAME)";
				SWIFT_VERSION = 5.0;
				TARGETED_DEVICE_FAMILY = "1,2";
			};
			name = Release;
		};
/* End XCBuildConfiguration section */

/* Begin XCConfigurationList section */
		33925B1425B73C1100500A7E /* Build configuration list for PBXProject "LoginTest" */ = {
			isa = XCConfigurationList;
			buildConfigurations = (
				33925B2B25B73C1200500A7E /* Debug */,
				33925B2C25B73C1200500A7E /* Release */,
			);
			defaultConfigurationIsVisible = 0;
			defaultConfigurationName = Release;
		};
		33925B2D25B73C1200500A7E /* Build configuration list for PBXNativeTarget "LoginTest" */ = {
			isa = XCConfigurationList;
			buildConfigurations = (
				33925B2E25B73C1200500A7E /* Debug */,
				33925B2F25B73C1200500A7E /* Release */,
			);
			defaultConfigurationIsVisible = 0;
			defaultConfigurationName = Release;
		};
/* End XCConfigurationList section */
	};
	rootObject = 33925B1125B73C1100500A7E /* Project object */;
}
